// !$*UTF8*$!
{
	archiveVersion = 1;
	classes = {
	};
	objectVersion = 46;
	objects = {

/* Begin PBXBuildFile section */
		B35B8C6D1BDA3CAD007413BB /* Foundation.framework in Frameworks */ = {isa = PBXBuildFile; fileRef = B35B8C6C1BDA3CAD007413BB /* Foundation.framework */; };
		B35B8C6F1BDA3CAD007413BB /* CoreGraphics.framework in Frameworks */ = {isa = PBXBuildFile; fileRef = B35B8C6E1BDA3CAD007413BB /* CoreGraphics.framework */; };
		B35B8C711BDA3CAD007413BB /* UIKit.framework in Frameworks */ = {isa = PBXBuildFile; fileRef = B35B8C701BDA3CAD007413BB /* UIKit.framework */; };
		B35B8C771BDA3CAD007413BB /* InfoPlist.strings in Resources */ = {isa = PBXBuildFile; fileRef = B35B8C751BDA3CAD007413BB /* InfoPlist.strings */; };
		B35B8C791BDA3CAD007413BB /* main.m in Sources */ = {isa = PBXBuildFile; fileRef = B35B8C781BDA3CAD007413BB /* main.m */; };
		B35B8C7D1BDA3CAD007413BB /* RSAppDelegate.m in Sources */ = {isa = PBXBuildFile; fileRef = B35B8C7C1BDA3CAD007413BB /* RSAppDelegate.m */; };
		B35B8C7F1BDA3CAD007413BB /* Images.xcassets in Resources */ = {isa = PBXBuildFile; fileRef = B35B8C7E1BDA3CAD007413BB /* Images.xcassets */; };
		B35B8C861BDA3CAD007413BB /* XCTest.framework in Frameworks */ = {isa = PBXBuildFile; fileRef = B35B8C851BDA3CAD007413BB /* XCTest.framework */; };
		B35B8C871BDA3CAD007413BB /* Foundation.framework in Frameworks */ = {isa = PBXBuildFile; fileRef = B35B8C6C1BDA3CAD007413BB /* Foundation.framework */; };
		B35B8C881BDA3CAD007413BB /* UIKit.framework in Frameworks */ = {isa = PBXBuildFile; fileRef = B35B8C701BDA3CAD007413BB /* UIKit.framework */; };
		B35B8C901BDA3CAD007413BB /* InfoPlist.strings in Resources */ = {isa = PBXBuildFile; fileRef = B35B8C8E1BDA3CAD007413BB /* InfoPlist.strings */; };
		B35B8C921BDA3CAD007413BB /* _0KVCHWTests.m in Sources */ = {isa = PBXBuildFile; fileRef = B35B8C911BDA3CAD007413BB /* _0KVCHWTests.m */; };
/* End PBXBuildFile section */

/* Begin PBXContainerItemProxy section */
		B35B8C891BDA3CAD007413BB /* PBXContainerItemProxy */ = {
			isa = PBXContainerItemProxy;
			containerPortal = B35B8C611BDA3CAD007413BB /* Project object */;
			proxyType = 1;
			remoteGlobalIDString = B35B8C681BDA3CAD007413BB;
			remoteInfo = 40KVCHW;
		};
/* End PBXContainerItemProxy section */

/* Begin PBXFileReference section */
		B35B8C691BDA3CAD007413BB /* 40KVCHW.app */ = {isa = PBXFileReference; explicitFileType = wrapper.application; includeInIndex = 0; path = 40KVCHW.app; sourceTree = BUILT_PRODUCTS_DIR; };
		B35B8C6C1BDA3CAD007413BB /* Foundation.framework */ = {isa = PBXFileReference; lastKnownFileType = wrapper.framework; name = Foundation.framework; path = System/Library/Frameworks/Foundation.framework; sourceTree = SDKROOT; };
		B35B8C6E1BDA3CAD007413BB /* CoreGraphics.framework */ = {isa = PBXFileReference; lastKnownFileType = wrapper.framework; name = CoreGraphics.framework; path = System/Library/Frameworks/CoreGraphics.framework; sourceTree = SDKROOT; };
		B35B8C701BDA3CAD007413BB /* UIKit.framework */ = {isa = PBXFileReference; lastKnownFileType = wrapper.framework; name = UIKit.framework; path = System/Library/Frameworks/UIKit.framework; sourceTree = SDKROOT; };
		B35B8C741BDA3CAD007413BB /* 40KVCHW-Info.plist */ = {isa = PBXFileReference; lastKnownFileType = text.plist.xml; path = "40KVCHW-Info.plist"; sourceTree = "<group>"; };
		B35B8C761BDA3CAD007413BB /* en */ = {isa = PBXFileReference; lastKnownFileType = text.plist.strings; name = en; path = en.lproj/InfoPlist.strings; sourceTree = "<group>"; };
		B35B8C781BDA3CAD007413BB /* main.m */ = {isa = PBXFileReference; lastKnownFileType = sourcecode.c.objc; path = main.m; sourceTree = "<group>"; };
		B35B8C7A1BDA3CAD007413BB /* 40KVCHW-Prefix.pch */ = {isa = PBXFileReference; lastKnownFileType = sourcecode.c.h; path = "40KVCHW-Prefix.pch"; sourceTree = "<group>"; };
		B35B8C7B1BDA3CAD007413BB /* RSAppDelegate.h */ = {isa = PBXFileReference; lastKnownFileType = sourcecode.c.h; path = RSAppDelegate.h; sourceTree = "<group>"; };
		B35B8C7C1BDA3CAD007413BB /* RSAppDelegate.m */ = {isa = PBXFileReference; lastKnownFileType = sourcecode.c.objc; path = RSAppDelegate.m; sourceTree = "<group>"; };
		B35B8C7E1BDA3CAD007413BB /* Images.xcassets */ = {isa = PBXFileReference; lastKnownFileType = folder.assetcatalog; path = Images.xcassets; sourceTree = "<group>"; };
		B35B8C841BDA3CAD007413BB /* 40KVCHWTests.xctest */ = {isa = PBXFileReference; explicitFileType = wrapper.cfbundle; includeInIndex = 0; path = 40KVCHWTests.xctest; sourceTree = BUILT_PRODUCTS_DIR; };
		B35B8C851BDA3CAD007413BB /* XCTest.framework */ = {isa = PBXFileReference; lastKnownFileType = wrapper.framework; name = XCTest.framework; path = Library/Frameworks/XCTest.framework; sourceTree = DEVELOPER_DIR; };
		B35B8C8D1BDA3CAD007413BB /* 40KVCHWTests-Info.plist */ = {isa = PBXFileReference; lastKnownFileType = text.plist.xml; path = "40KVCHWTests-Info.plist"; sourceTree = "<group>"; };
		B35B8C8F1BDA3CAD007413BB /* en */ = {isa = PBXFileReference; lastKnownFileType = text.plist.strings; name = en; path = en.lproj/InfoPlist.strings; sourceTree = "<group>"; };
		B35B8C911BDA3CAD007413BB /* _0KVCHWTests.m */ = {isa = PBXFileReference; lastKnownFileType = sourcecode.c.objc; path = _0KVCHWTests.m; sourceTree = "<group>"; };
/* End PBXFileReference section */

/* Begin PBXFrameworksBuildPhase section */
		B35B8C661BDA3CAD007413BB /* Frameworks */ = {
			isa = PBXFrameworksBuildPhase;
			buildActionMask = 2147483647;
			files = (
				B35B8C6F1BDA3CAD007413BB /* CoreGraphics.framework in Frameworks */,
				B35B8C711BDA3CAD007413BB /* UIKit.framework in Frameworks */,
				B35B8C6D1BDA3CAD007413BB /* Foundation.framework in Frameworks */,
			);
			runOnlyForDeploymentPostprocessing = 0;
		};
		B35B8C811BDA3CAD007413BB /* Frameworks */ = {
			isa = PBXFrameworksBuildPhase;
			buildActionMask = 2147483647;
			files = (
				B35B8C861BDA3CAD007413BB /* XCTest.framework in Frameworks */,
				B35B8C881BDA3CAD007413BB /* UIKit.framework in Frameworks */,
				B35B8C871BDA3CAD007413BB /* Foundation.framework in Frameworks */,
			);
			runOnlyForDeploymentPostprocessing = 0;
		};
/* End PBXFrameworksBuildPhase section */

/* Begin PBXGroup section */
		B35B8C601BDA3CAD007413BB = {
			isa = PBXGroup;
			children = (
				B35B8C721BDA3CAD007413BB /* 40KVCHW */,
				B35B8C8B1BDA3CAD007413BB /* 40KVCHWTests */,
				B35B8C6B1BDA3CAD007413BB /* Frameworks */,
				B35B8C6A1BDA3CAD007413BB /* Products */,
			);
			sourceTree = "<group>";
		};
		B35B8C6A1BDA3CAD007413BB /* Products */ = {
			isa = PBXGroup;
			children = (
				B35B8C691BDA3CAD007413BB /* 40KVCHW.app */,
				B35B8C841BDA3CAD007413BB /* 40KVCHWTests.xctest */,
			);
			name = Products;
			sourceTree = "<group>";
		};
		B35B8C6B1BDA3CAD007413BB /* Frameworks */ = {
			isa = PBXGroup;
			children = (
				B35B8C6C1BDA3CAD007413BB /* Foundation.framework */,
				B35B8C6E1BDA3CAD007413BB /* CoreGraphics.framework */,
				B35B8C701BDA3CAD007413BB /* UIKit.framework */,
				B35B8C851BDA3CAD007413BB /* XCTest.framework */,
			);
			name = Frameworks;
			sourceTree = "<group>";
		};
		B35B8C721BDA3CAD007413BB /* 40KVCHW */ = {
			isa = PBXGroup;
			children = (
				B35B8C7B1BDA3CAD007413BB /* RSAppDelegate.h */,
				B35B8C7C1BDA3CAD007413BB /* RSAppDelegate.m */,
				B35B8C7E1BDA3CAD007413BB /* Images.xcassets */,
				B35B8C731BDA3CAD007413BB /* Supporting Files */,
			);
			path = 40KVCHW;
			sourceTree = "<group>";
		};
		B35B8C731BDA3CAD007413BB /* Supporting Files */ = {
			isa = PBXGroup;
			children = (
				B35B8C741BDA3CAD007413BB /* 40KVCHW-Info.plist */,
				B35B8C751BDA3CAD007413BB /* InfoPlist.strings */,
				B35B8C781BDA3CAD007413BB /* main.m */,
				B35B8C7A1BDA3CAD007413BB /* 40KVCHW-Prefix.pch */,
			);
			name = "Supporting Files";
			sourceTree = "<group>";
		};
		B35B8C8B1BDA3CAD007413BB /* 40KVCHWTests */ = {
			isa = PBXGroup;
			children = (
				B35B8C911BDA3CAD007413BB /* _0KVCHWTests.m */,
				B35B8C8C1BDA3CAD007413BB /* Supporting Files */,
			);
			path = 40KVCHWTests;
			sourceTree = "<group>";
		};
		B35B8C8C1BDA3CAD007413BB /* Supporting Files */ = {
			isa = PBXGroup;
			children = (
				B35B8C8D1BDA3CAD007413BB /* 40KVCHWTests-Info.plist */,
				B35B8C8E1BDA3CAD007413BB /* InfoPlist.strings */,
			);
			name = "Supporting Files";
			sourceTree = "<group>";
		};
/* End PBXGroup section */

/* Begin PBXNativeTarget section */
		B35B8C681BDA3CAD007413BB /* 40KVCHW */ = {
			isa = PBXNativeTarget;
			buildConfigurationList = B35B8C951BDA3CAD007413BB /* Build configuration list for PBXNativeTarget "40KVCHW" */;
			buildPhases = (
				B35B8C651BDA3CAD007413BB /* Sources */,
				B35B8C661BDA3CAD007413BB /* Frameworks */,
				B35B8C671BDA3CAD007413BB /* Resources */,
			);
			buildRules = (
			);
			dependencies = (
			);
			name = 40KVCHW;
			productName = 40KVCHW;
			productReference = B35B8C691BDA3CAD007413BB /* 40KVCHW.app */;
			productType = "com.apple.product-type.application";
		};
		B35B8C831BDA3CAD007413BB /* 40KVCHWTests */ = {
			isa = PBXNativeTarget;
			buildConfigurationList = B35B8C981BDA3CAD007413BB /* Build configuration list for PBXNativeTarget "40KVCHWTests" */;
			buildPhases = (
				B35B8C801BDA3CAD007413BB /* Sources */,
				B35B8C811BDA3CAD007413BB /* Frameworks */,
				B35B8C821BDA3CAD007413BB /* Resources */,
			);
			buildRules = (
			);
			dependencies = (
				B35B8C8A1BDA3CAD007413BB /* PBXTargetDependency */,
			);
			name = 40KVCHWTests;
			productName = 40KVCHWTests;
			productReference = B35B8C841BDA3CAD007413BB /* 40KVCHWTests.xctest */;
			productType = "com.apple.product-type.bundle.unit-test";
		};
/* End PBXNativeTarget section */

/* Begin PBXProject section */
		B35B8C611BDA3CAD007413BB /* Project object */ = {
			isa = PBXProject;
			attributes = {
				CLASSPREFIX = RS;
				LastUpgradeCheck = 0510;
				ORGANIZATIONNAME = RSChopovenko;
				TargetAttributes = {
					B35B8C831BDA3CAD007413BB = {
						TestTargetID = B35B8C681BDA3CAD007413BB;
					};
				};
			};
			buildConfigurationList = B35B8C641BDA3CAD007413BB /* Build configuration list for PBXProject "40KVCHW" */;
			compatibilityVersion = "Xcode 3.2";
			developmentRegion = English;
			hasScannedForEncodings = 0;
			knownRegions = (
				en,
			);
			mainGroup = B35B8C601BDA3CAD007413BB;
			productRefGroup = B35B8C6A1BDA3CAD007413BB /* Products */;
			projectDirPath = "";
			projectRoot = "";
			targets = (
				B35B8C681BDA3CAD007413BB /* 40KVCHW */,
				B35B8C831BDA3CAD007413BB /* 40KVCHWTests */,
			);
		};
/* End PBXProject section */

/* Begin PBXResourcesBuildPhase section */
		B35B8C671BDA3CAD007413BB /* Resources */ = {
			isa = PBXResourcesBuildPhase;
			buildActionMask = 2147483647;
			files = (
				B35B8C771BDA3CAD007413BB /* InfoPlist.strings in Resources */,
				B35B8C7F1BDA3CAD007413BB /* Images.xcassets in Resources */,
			);
			runOnlyForDeploymentPostprocessing = 0;
		};
		B35B8C821BDA3CAD007413BB /* Resources */ = {
			isa = PBXResourcesBuildPhase;
			buildActionMask = 2147483647;
			files = (
				B35B8C901BDA3CAD007413BB /* InfoPlist.strings in Resources */,
			);
			runOnlyForDeploymentPostprocessing = 0;
		};
/* End PBXResourcesBuildPhase section */

/* Begin PBXSourcesBuildPhase section */
		B35B8C651BDA3CAD007413BB /* Sources */ = {
			isa = PBXSourcesBuildPhase;
			buildActionMask = 2147483647;
			files = (
				B35B8C791BDA3CAD007413BB /* main.m in Sources */,
				B35B8C7D1BDA3CAD007413BB /* RSAppDelegate.m in Sources */,
			);
			runOnlyForDeploymentPostprocessing = 0;
		};
		B35B8C801BDA3CAD007413BB /* Sources */ = {
			isa = PBXSourcesBuildPhase;
			buildActionMask = 2147483647;
			files = (
				B35B8C921BDA3CAD007413BB /* _0KVCHWTests.m in Sources */,
			);
			runOnlyForDeploymentPostprocessing = 0;
		};
/* End PBXSourcesBuildPhase section */

/* Begin PBXTargetDependency section */
		B35B8C8A1BDA3CAD007413BB /* PBXTargetDependency */ = {
			isa = PBXTargetDependency;
			target = B35B8C681BDA3CAD007413BB /* 40KVCHW */;
			targetProxy = B35B8C891BDA3CAD007413BB /* PBXContainerItemProxy */;
		};
/* End PBXTargetDependency section */

/* Begin PBXVariantGroup section */
		B35B8C751BDA3CAD007413BB /* InfoPlist.strings */ = {
			isa = PBXVariantGroup;
			children = (
				B35B8C761BDA3CAD007413BB /* en */,
			);
			name = InfoPlist.strings;
			sourceTree = "<group>";
		};
		B35B8C8E1BDA3CAD007413BB /* InfoPlist.strings */ = {
			isa = PBXVariantGroup;
			children = (
				B35B8C8F1BDA3CAD007413BB /* en */,
			);
			name = InfoPlist.strings;
			sourceTree = "<group>";
		};
/* End PBXVariantGroup section */

/* Begin XCBuildConfiguration section */
		B35B8C931BDA3CAD007413BB /* Debug */ = {
			isa = XCBuildConfiguration;
			buildSettings = {
				ALWAYS_SEARCH_USER_PATHS = NO;
				CLANG_CXX_LANGUAGE_STANDARD = "gnu++0x";
				CLANG_CXX_LIBRARY = "libc++";
				CLANG_ENABLE_MODULES = YES;
				CLANG_ENABLE_OBJC_ARC = YES;
				CLANG_WARN_BOOL_CONVERSION = YES;
				CLANG_WARN_CONSTANT_CONVERSION = YES;
				CLANG_WARN_DIRECT_OBJC_ISA_USAGE = YES_ERROR;
				CLANG_WARN_EMPTY_BODY = YES;
				CLANG_WARN_ENUM_CONVERSION = YES;
				CLANG_WARN_INT_CONVERSION = YES;
				CLANG_WARN_OBJC_ROOT_CLASS = YES_ERROR;
				CLANG_WARN__DUPLICATE_METHOD_MATCH = YES;
				"CODE_SIGN_IDENTITY[sdk=iphoneos*]" = "iPhone Developer";
				COPY_PHASE_STRIP = NO;
				GCC_C_LANGUAGE_STANDARD = gnu99;
				GCC_DYNAMIC_NO_PIC = NO;
				GCC_OPTIMIZATION_LEVEL = 0;
				GCC_PREPROCESSOR_DEFINITIONS = (
					"DEBUG=1",
					"$(inherited)",
				);
				GCC_SYMBOLS_PRIVATE_EXTERN = NO;
				GCC_WARN_64_TO_32_BIT_CONVERSION = YES;
				GCC_WARN_ABOUT_RETURN_TYPE = YES_ERROR;
				GCC_WARN_UNDECLARED_SELECTOR = YES;
				GCC_WARN_UNINITIALIZED_AUTOS = YES_AGGRESSIVE;
				GCC_WARN_UNUSED_FUNCTION = YES;
				GCC_WARN_UNUSED_VARIABLE = YES;
				IPHONEOS_DEPLOYMENT_TARGET = 7.1;
				ONLY_ACTIVE_ARCH = YES;
				SDKROOT = iphoneos;
			};
			name = Debug;
		};
		B35B8C941BDA3CAD007413BB /* Release */ = {
			isa = XCBuildConfiguration;
			buildSettings = {
				ALWAYS_SEARCH_USER_PATHS = NO;
				CLANG_CXX_LANGUAGE_STANDARD = "gnu++0x";
				CLANG_CXX_LIBRARY = "libc++";
				CLANG_ENABLE_MODULES = YES;
				CLANG_ENABLE_OBJC_ARC = YES;
				CLANG_WARN_BOOL_CONVERSION = YES;
				CLANG_WARN_CONSTANT_CONVERSION = YES;
				CLANG_WARN_DIRECT_OBJC_ISA_USAGE = YES_ERROR;
				CLANG_WARN_EMPTY_BODY = YES;
				CLANG_WARN_ENUM_CONVERSION = YES;
				CLANG_WARN_INT_CONVERSION = YES;
				CLANG_WARN_OBJC_ROOT_CLASS = YES_ERROR;
				CLANG_WARN__DUPLICATE_METHOD_MATCH = YES;
				"CODE_SIGN_IDENTITY[sdk=iphoneos*]" = "iPhone Developer";
				COPY_PHASE_STRIP = YES;
				ENABLE_NS_ASSERTIONS = NO;
				GCC_C_LANGUAGE_STANDARD = gnu99;
				GCC_WARN_64_TO_32_BIT_CONVERSION = YES;
				GCC_WARN_ABOUT_RETURN_TYPE = YES_ERROR;
				GCC_WARN_UNDECLARED_SELECTOR = YES;
				GCC_WARN_UNINITIALIZED_AUTOS = YES_AGGRESSIVE;
				GCC_WARN_UNUSED_FUNCTION = YES;
				GCC_WARN_UNUSED_VARIABLE = YES;
				IPHONEOS_DEPLOYMENT_TARGET = 7.1;
				SDKROOT = iphoneos;
				VALIDATE_PRODUCT = YES;
			};
			name = Release;
		};
		B35B8C961BDA3CAD007413BB /* Debug */ = {
			isa = XCBuildConfiguration;
			buildSettings = {
				ASSETCATALOG_COMPILER_APPICON_NAME = AppIcon;
				ASSETCATALOG_COMPILER_LAUNCHIMAGE_NAME = LaunchImage;
				GCC_PRECOMPILE_PREFIX_HEADER = YES;
				GCC_PREFIX_HEADER = "40KVCHW/40KVCHW-Prefix.pch";
				INFOPLIST_FILE = "40KVCHW/40KVCHW-Info.plist";
				PRODUCT_NAME = "$(TARGET_NAME)";
				WRAPPER_EXTENSION = app;
			};
			name = Debug;
		};
		B35B8C971BDA3CAD007413BB /* Release */ = {
			isa = XCBuildConfiguration;
			buildSettings = {
				ASSETCATALOG_COMPILER_APPICON_NAME = AppIcon;
				ASSETCATALOG_COMPILER_LAUNCHIMAGE_NAME = LaunchImage;
				GCC_PRECOMPILE_PREFIX_HEADER = YES;
				GCC_PREFIX_HEADER = "40KVCHW/40KVCHW-Prefix.pch";
				INFOPLIST_FILE = "40KVCHW/40KVCHW-Info.plist";
				PRODUCT_NAME = "$(TARGET_NAME)";
				WRAPPER_EXTENSION = app;
			};
			name = Release;
		};
		B35B8C991BDA3CAD007413BB /* Debug */ = {
			isa = XCBuildConfiguration;
			buildSettings = {
				BUNDLE_LOADER = "$(BUILT_PRODUCTS_DIR)/40KVCHW.app/40KVCHW";
				FRAMEWORK_SEARCH_PATHS = (
					"$(SDKROOT)/Developer/Library/Frameworks",
					"$(inherited)",
					"$(DEVELOPER_FRAMEWORKS_DIR)",
				);
				GCC_PRECOMPILE_PREFIX_HEADER = YES;
				GCC_PREFIX_HEADER = "40KVCHW/40KVCHW-Prefix.pch";
				GCC_PREPROCESSOR_DEFINITIONS = (
					"DEBUG=1",
					"$(inherited)",
				);
				INFOPLIST_FILE = "40KVCHWTests/40KVCHWTests-Info.plist";
				PRODUCT_NAME = "$(TARGET_NAME)";
				TEST_HOST = "$(BUNDLE_LOADER)";
				WRAPPER_EXTENSION = xctest;
			};
			name = Debug;
		};
		B35B8C9A1BDA3CAD007413BB /* Release */ = {
			isa = XCBuildConfiguration;
			buildSettings = {
				BUNDLE_LOADER = "$(BUILT_PRODUCTS_DIR)/40KVCHW.app/40KVCHW";
				FRAMEWORK_SEARCH_PATHS = (
					"$(SDKROOT)/Developer/Library/Frameworks",
					"$(inherited)",
					"$(DEVELOPER_FRAMEWORKS_DIR)",
				);
				GCC_PRECOMPILE_PREFIX_HEADER = YES;
				GCC_PREFIX_HEADER = "40KVCHW/40KVCHW-Prefix.pch";
				INFOPLIST_FILE = "40KVCHWTests/40KVCHWTests-Info.plist";
				PRODUCT_NAME = "$(TARGET_NAME)";
				TEST_HOST = "$(BUNDLE_LOADER)";
				WRAPPER_EXTENSION = xctest;
			};
			name = Release;
		};
/* End XCBuildConfiguration section */

/* Begin XCConfigurationList section */
		B35B8C641BDA3CAD007413BB /* Build configuration list for PBXProject "40KVCHW" */ = {
			isa = XCConfigurationList;
			buildConfigurations = (
				B35B8C931BDA3CAD007413BB /* Debug */,
				B35B8C941BDA3CAD007413BB /* Release */,
			);
			defaultConfigurationIsVisible = 0;
			defaultConfigurationName = Release;
		};
		B35B8C951BDA3CAD007413BB /* Build configuration list for PBXNativeTarget "40KVCHW" */ = {
			isa = XCConfigurationList;
			buildConfigurations = (
				B35B8C961BDA3CAD007413BB /* Debug */,
				B35B8C971BDA3CAD007413BB /* Release */,
			);
			defaultConfigurationIsVisible = 0;
		};
		B35B8C981BDA3CAD007413BB /* Build configuration list for PBXNativeTarget "40KVCHWTests" */ = {
			isa = XCConfigurationList;
			buildConfigurations = (
				B35B8C991BDA3CAD007413BB /* Debug */,
				B35B8C9A1BDA3CAD007413BB /* Release */,
			);
			defaultConfigurationIsVisible = 0;
		};
/* End XCConfigurationList section */
	};
	rootObject = B35B8C611BDA3CAD007413BB /* Project object */;
}
